lockfileVersion: '9.0'

settings:
  autoInstallPeers: true
  excludeLinksFromLockfile: false

importers:

  .:
    dependencies:
      '@phc/format':
        specifier: ^1.0.0
        version: 1.0.0
    devDependencies:
      '@types/node':
        specifier: ^24.9.2
        version: 24.9.2
      '@types/phc__format':
        specifier: ^1.0.1
        version: 1.0.1
      oxlint:
        specifier: ^1.24.0
        version: 1.24.0(oxlint-tsgolint@0.3.0)
      oxlint-tsgolint:
        specifier: 0.3.0
        version: 0.3.0
      prettier:
        specifier: 3.6.2
        version: 3.6.2
      typescript:
        specifier: ^5.9.3
        version: 5.9.3

packages:

  '@oxlint-tsgolint/darwin-arm64@0.3.0':
    resolution: {integrity: sha512-AoK80jrY1DhqnGtpWCyyUuFBl6smiwHXeW25OimCzOHwVy7MFgMMaVU4LTcMFOD524UI4sIBl7aN3PLPa/X92A==}
    cpu: [arm64]
    os: [darwin]

  '@oxlint-tsgolint/darwin-x64@0.3.0':
    resolution: {integrity: sha512-jTvH5xE80KVeExMv2TG1EQ/EpxtfsIx1tL65UY3cwMEScgb5lB5zWYJqTTDeA1873XK4/siHL60l03m21eCzTg==}
    cpu: [x64]
    os: [darwin]

  '@oxlint-tsgolint/linux-arm64@0.3.0':
    resolution: {integrity: sha512-C/Op/gguoLQv20dCmUrnWCcLvlAnymhp+pACTDTe+vr+y1LlCJtFXeespJrUWOF5rXPjOxtPGajiJI82B6hZsA==}
    cpu: [arm64]
    os: [linux]

  '@oxlint-tsgolint/linux-x64@0.3.0':
    resolution: {integrity: sha512-WjWMBY1VduR57lKqId3F3TqN3DRWZRsGm7J3Bd0hoos0x3x+q3wRuvJoFiovVFcswUM+YLIePKZ1582bWxrQvA==}
    cpu: [x64]
    os: [linux]

  '@oxlint-tsgolint/win32-arm64@0.3.0':
    resolution: {integrity: sha512-6nXOceZrldiZOPPdPFErgrqCeWzI5Xza4C5IzRRnjI1WrqKokho0sJGp9WKqgSIGRuMQ2ITfLy+L5Qs3Ham2mg==}
    cpu: [arm64]
    os: [win32]

  '@oxlint-tsgolint/win32-x64@0.3.0':
    resolution: {integrity: sha512-sHxS4DUIi3P9CL9PXSfj+YtAR8MLTArpVRqb7Vo+ribybHqKWveswookhpI09pyVcQ2Px4ARMFywBkY2tXHRVg==}
    cpu: [x64]
    os: [win32]

  '@oxlint/darwin-arm64@1.24.0':
    resolution: {integrity: sha512-1Kd2+Ai1ttskhbJR+DNU4Y4YEDyP/cd50nWt2rAe2aE78dMOalaVGps3s8UnJkXpDL9ZqkgOHVDE5Doj2lxatw==}
    cpu: [arm64]
    os: [darwin]

  '@oxlint/darwin-x64@1.24.0':
    resolution: {integrity: sha512-/R9VbnuTp7bLIBh6ucDHjx0po0wLQODLqzy+L/Frn5z4ifMVdE63DB+LHO8QAj+WEQleQq3u/MMms7RFPulCLA==}
    cpu: [x64]
    os: [darwin]

  '@oxlint/linux-arm64-gnu@1.24.0':
    resolution: {integrity: sha512-fA90bIQ1b44eNg0uULlTonqsADVIBnMz169mav6IhfZL9V6DpBCUWrV+8tEQCxbDvYC0WY1guBpPo2QWUnC/Dw==}
    cpu: [arm64]
    os: [linux]

  '@oxlint/linux-arm64-musl@1.24.0':
    resolution: {integrity: sha512-p7Bv9FTQ1lf4Z7OiIFwiy+cY2fxN6IJc0+2gJ4z2fpaQ0J2rQQcKdJ5RLQTxf+tAu7hyqjc6bf61EAGa9lb/GA==}
    cpu: [arm64]
    os: [linux]

  '@oxlint/linux-x64-gnu@1.24.0':
    resolution: {integrity: sha512-wIQOpTONiJ9pYPnLEq7UFuml8mpmSFTfUveNbT2rw9iXfj2nLMf7NIqGnUYQdvnnOi+maag9uei/WImXIm9LQQ==}
    cpu: [x64]
    os: [linux]

  '@oxlint/linux-x64-musl@1.24.0':
    resolution: {integrity: sha512-HxcDX/SpTH7yC/Rn2MinjSHZmNpn79yJkBid792DWjP9bo0CnlNXOXMPXsbm+WqptvqQ9yUPCxf7KascUvxLyQ==}
    cpu: [x64]
    os: [linux]

  '@oxlint/win32-arm64@1.24.0':
    resolution: {integrity: sha512-P1KtZ/xL+TcNTTmOtEsVrpqAdmpu2UCRAILjoqQyrYvI/CW6SdvoJfMBTntKOZaB52Peq2BHTgsYovON8q4FfQ==}
    cpu: [arm64]
    os: [win32]

  '@oxlint/win32-x64@1.24.0':
    resolution: {integrity: sha512-JMbMm7i1esFl12fRdOQwoeEeufWXxihOme8pZpI6jrwWK1kCIANMb5agI5Lkjf5vToQOP3DLXYc29aDm16fw6g==}
    cpu: [x64]
    os: [win32]

  '@phc/format@1.0.0':
    resolution: {integrity: sha512-m7X9U6BG2+J+R1lSOdCiITLLrxm+cWlNI3HUFA92oLO77ObGNzaKdh8pMLqdZcshtkKuV84olNNXDfMc4FezBQ==}
    engines: {node: '>=10'}

  '@types/node@24.9.2':
    resolution: {integrity: sha512-uWN8YqxXxqFMX2RqGOrumsKeti4LlmIMIyV0lgut4jx7KQBcBiW6vkDtIBvHnHIquwNfJhk8v2OtmO8zXWHfPA==}

  '@types/phc__format@1.0.1':
    resolution: {integrity: sha512-hoAQFKcP3voXk/ZEl3jrvS63o/HYLszq4nA2mqjytaSEHEy3j3t0gSFtPLnfKtX34k/xfath7etOoGw5ukoqXQ==}

  oxlint-tsgolint@0.3.0:
    resolution: {integrity: sha512-q4ZI3TXwiBZsku1RzVlIyk09HY0lI33No87b/XIHLAGm6+3BeyW4D0kIcMok//O65Z5xINTJNlSNkazmkgx8pA==}
    hasBin: true

  oxlint@1.24.0:
    resolution: {integrity: sha512-swXlnHT7ywcCApkctIbgOSjDYHwMa12yMU0iXevfDuHlYkRUcbQrUv6nhM5v6B0+Be3zTBMNDGPAMQv0oznzRQ==}
    engines: {node: ^20.19.0 || >=22.12.0}
    hasBin: true
    peerDependencies:
      oxlint-tsgolint: '>=0.2.0'
    peerDependenciesMeta:
      oxlint-tsgolint:
        optional: true

  prettier@3.6.2:
    resolution: {integrity: sha512-I7AIg5boAr5R0FFtJ6rCfD+LFsWHp81dolrFD8S79U9tb8Az2nGrJncnMSnys+bpQJfRUzqs9hnA81OAA3hCuQ==}
    engines: {node: '>=14'}
    hasBin: true

  typescript@5.9.3:
    resolution: {integrity: sha512-jl1vZzPDinLr9eUt3J/t7V6FgNEw9QjvBPdysz9KfQDD41fQrC2Y4vKQdiaUpFT4bXlb1RHhLpp8wtm6M5TgSw==}
    engines: {node: '>=14.17'}
    hasBin: true

  undici-types@7.16.0:
    resolution: {integrity: sha512-Zz+aZWSj8LE6zoxD+xrjh4VfkIG8Ya6LvYkZqtUQGJPZjYl53ypCaUwWqo7eI0x66KBGeRo+mlBEkMSeSZ38Nw==}

snapshots:

  '@oxlint-tsgolint/darwin-arm64@0.3.0':
    optional: true

  '@oxlint-tsgolint/darwin-x64@0.3.0':
    optional: true

  '@oxlint-tsgolint/linux-arm64@0.3.0':
    optional: true

  '@oxlint-tsgolint/linux-x64@0.3.0':
    optional: true

  '@oxlint-tsgolint/win32-arm64@0.3.0':
    optional: true

  '@oxlint-tsgolint/win32-x64@0.3.0':
    optional: true

  '@oxlint/darwin-arm64@1.24.0':
    optional: true

  '@oxlint/darwin-x64@1.24.0':
    optional: true

  '@oxlint/linux-arm64-gnu@1.24.0':
    optional: true

  '@oxlint/linux-arm64-musl@1.24.0':
    optional: true

  '@oxlint/linux-x64-gnu@1.24.0':
    optional: true

  '@oxlint/linux-x64-musl@1.24.0':
    optional: true

  '@oxlint/win32-arm64@1.24.0':
    optional: true

  '@oxlint/win32-x64@1.24.0':
    optional: true

  '@phc/format@1.0.0': {}

  '@types/node@24.9.2':
    dependencies:
      undici-types: 7.16.0

  '@types/phc__format@1.0.1':
    dependencies:
      '@types/node': 24.9.2

  oxlint-tsgolint@0.3.0:
    optionalDependencies:
      '@oxlint-tsgolint/darwin-arm64': 0.3.0
      '@oxlint-tsgolint/darwin-x64': 0.3.0
      '@oxlint-tsgolint/linux-arm64': 0.3.0
      '@oxlint-tsgolint/linux-x64': 0.3.0
      '@oxlint-tsgolint/win32-arm64': 0.3.0
      '@oxlint-tsgolint/win32-x64': 0.3.0

  oxlint@1.24.0(oxlint-tsgolint@0.3.0):
    optionalDependencies:
      '@oxlint/darwin-arm64': 1.24.0
      '@oxlint/darwin-x64': 1.24.0
      '@oxlint/linux-arm64-gnu': 1.24.0
      '@oxlint/linux-arm64-musl': 1.24.0
      '@oxlint/linux-x64-gnu': 1.24.0
      '@oxlint/linux-x64-musl': 1.24.0
      '@oxlint/win32-arm64': 1.24.0
      '@oxlint/win32-x64': 1.24.0
      oxlint-tsgolint: 0.3.0

  prettier@3.6.2: {}

  typescript@5.9.3: {}

  undici-types@7.16.0: {}
