lockfileVersion: '9.0'

settings:
  autoInstallPeers: true
  excludeLinksFromLockfile: false

importers:

  .:
    dependencies:
      '@phc/format':
        specifier: ^1.0.0
        version: 1.0.0
      zod:
        specifier: ^4.1.13
        version: 4.1.13
    devDependencies:
      '@types/node':
        specifier: ^24.9.2
        version: 24.9.2
      '@types/phc__format':
        specifier: ^1.0.1
        version: 1.0.1
      lefthook:
        specifier: ^2.0.11
        version: 2.0.11
      oxlint:
        specifier: ^1.32.0
        version: 1.32.0(oxlint-tsgolint@0.9.0)
      oxlint-tsgolint:
        specifier: 0.9.0
        version: 0.9.0
      prettier:
        specifier: 3.7.4
        version: 3.7.4
      typescript:
        specifier: ^5.9.3
        version: 5.9.3

packages:

  '@oxlint-tsgolint/darwin-arm64@0.9.0':
    resolution: {integrity: sha512-dztZZwzSzX58pgwQoYex5svEdISDNpEM0A0cB0ISeaD3mFsro7h2idMK6q373hxnhNw4Rs1eu/4dwPpKEz6ouw==}
    cpu: [arm64]
    os: [darwin]

  '@oxlint-tsgolint/darwin-x64@0.9.0':
    resolution: {integrity: sha512-GK/TOqKTqP41/yHyCwO4tJ0jF4vAwlsTXhgGXMD6GgTXv4t8kPcX4EFHZOfgMf+E84vE4MsvLFNI+NXfVIqWzQ==}
    cpu: [x64]
    os: [darwin]

  '@oxlint-tsgolint/linux-arm64@0.9.0':
    resolution: {integrity: sha512-Rc+ea/v2Y+AmZrCOMWMV2NxQ7h967ivELqn7+gCIw53dCnvwp0JsGfL4e1tNkLddXaCfrC11zW61Ayie224GNA==}
    cpu: [arm64]
    os: [linux]

  '@oxlint-tsgolint/linux-x64@0.9.0':
    resolution: {integrity: sha512-i3QRMXHCIGxGQTvFyE8LTy96SBvToZpkHPirBs6dvtKfDFHeKMX2WSc44rUdoU/LhjF5qYyU0lTITzj4VFEY/w==}
    cpu: [x64]
    os: [linux]

  '@oxlint-tsgolint/win32-arm64@0.9.0':
    resolution: {integrity: sha512-D6jeKoCfNAwBXJyxab4gZk8Rw9BjzGgQPd7DdLRLjDRY6DkdK4PVUwNzbboZk2SAxluO/UkSUXpoEoTJdl+cIQ==}
    cpu: [arm64]
    os: [win32]

  '@oxlint-tsgolint/win32-x64@0.9.0':
    resolution: {integrity: sha512-v7yGASaDJ2GXrvlDLwhrASRyM8zpOxU8oi3BLqE1mqbKSNbWNeTAaBfRNLyCUztiV1eFvx54hnF0AElPfglVYQ==}
    cpu: [x64]
    os: [win32]

  '@oxlint/darwin-arm64@1.32.0':
    resolution: {integrity: sha512-yrqPmZYu5Qb+49h0P5EXVIq8VxYkDDM6ZQrWzlh16+UGFcD8HOXs4oF3g9RyfaoAbShLCXooSQsM/Ifwx8E/eQ==}
    cpu: [arm64]
    os: [darwin]

  '@oxlint/darwin-x64@1.32.0':
    resolution: {integrity: sha512-pQRZrJG/2nAKc3IuocFbaFFbTDlQsjz2WfivRsMn0hw65EEsSuM84WMFMiAfLpTGyTICeUtHZLHlrM5lzVr36A==}
    cpu: [x64]
    os: [darwin]

  '@oxlint/linux-arm64-gnu@1.32.0':
    resolution: {integrity: sha512-tyomSmU2DzwcTmbaWFmStHgVfRmJDDvqcIvcw4fRB1YlL2Qg/XaM4NJ0m2bdTap38gxD5FSxSgCo0DkQ8GTolg==}
    cpu: [arm64]
    os: [linux]

  '@oxlint/linux-arm64-musl@1.32.0':
    resolution: {integrity: sha512-0W46dRMaf71OGE4+Rd+GHfS1uF/UODl5Mef6871pMhN7opPGfTI2fKJxh9VzRhXeSYXW/Z1EuCq9yCfmIJq+5Q==}
    cpu: [arm64]
    os: [linux]

  '@oxlint/linux-x64-gnu@1.32.0':
    resolution: {integrity: sha512-5+6myVCBOMvM62rDB9T3CARXUvIwhGqte6E+HoKRwYaqsxGUZ4bh3pItSgSFwHjLGPrvADS11qJUkk39eQQBzQ==}
    cpu: [x64]
    os: [linux]

  '@oxlint/linux-x64-musl@1.32.0':
    resolution: {integrity: sha512-qwQlwYYgVIC6ScjpUwiKKNyVdUlJckrfwPVpIjC9mvglIQeIjKuuyaDxUZWIOc/rEzeCV/tW6tcbehLkfEzqsw==}
    cpu: [x64]
    os: [linux]

  '@oxlint/win32-arm64@1.32.0':
    resolution: {integrity: sha512-7qYZF9CiXGtdv8Z/fBkgB5idD2Zokht67I5DKWH0fZS/2R232sDqW2JpWVkXltk0+9yFvmvJ0ouJgQRl9M3S2g==}
    cpu: [arm64]
    os: [win32]

  '@oxlint/win32-x64@1.32.0':
    resolution: {integrity: sha512-XW1xqCj34MEGJlHteqasTZ/LmBrwYIgluhNW0aP+XWkn90+stKAq3W/40dvJKbMK9F7o09LPCuMVtUW7FIUuiA==}
    cpu: [x64]
    os: [win32]

  '@phc/format@1.0.0':
    resolution: {integrity: sha512-m7X9U6BG2+J+R1lSOdCiITLLrxm+cWlNI3HUFA92oLO77ObGNzaKdh8pMLqdZcshtkKuV84olNNXDfMc4FezBQ==}
    engines: {node: '>=10'}

  '@types/node@24.9.2':
    resolution: {integrity: sha512-uWN8YqxXxqFMX2RqGOrumsKeti4LlmIMIyV0lgut4jx7KQBcBiW6vkDtIBvHnHIquwNfJhk8v2OtmO8zXWHfPA==}

  '@types/phc__format@1.0.1':
    resolution: {integrity: sha512-hoAQFKcP3voXk/ZEl3jrvS63o/HYLszq4nA2mqjytaSEHEy3j3t0gSFtPLnfKtX34k/xfath7etOoGw5ukoqXQ==}

  lefthook-darwin-arm64@2.0.11:
    resolution: {integrity: sha512-RfpdcJJQXstdgDiIBDRffncayKiXx+0LyMUCunIxDEO2JMXPpYK2hIdpUU0rkitzptAADchG7u1OXJ31rrtIAA==}
    cpu: [arm64]
    os: [darwin]

  lefthook-darwin-x64@2.0.11:
    resolution: {integrity: sha512-D013UNKQa4FKgpxDMqdaU109U2/Pidtrt9CobQoq8te4eGUglcwxMzuYVTgaYnenz0FgKxSfVaCZsZgwqeMWqA==}
    cpu: [x64]
    os: [darwin]

  lefthook-freebsd-arm64@2.0.11:
    resolution: {integrity: sha512-mgfNqG1tiJkCuGNwPG0LEfnAHGJA+Qzl6KidOtX/Zhxmj/sM+6hxiP4LOeEAhCnaZF5kuPtQgbFzShFHc2BK6A==}
    cpu: [arm64]
    os: [freebsd]

  lefthook-freebsd-x64@2.0.11:
    resolution: {integrity: sha512-rnHOlQbJfLGCibr7yHM44kPNgf/tFpEbj/cWVHRhjRdbgYSCAjJk0uKd/EVo3v/vjfId2na0AhWbLvO/aY3wQQ==}
    cpu: [x64]
    os: [freebsd]

  lefthook-linux-arm64@2.0.11:
    resolution: {integrity: sha512-1XjDo2/4fM0TbJBwxZh8w+WMOFueg9oYHkryM8vc3vp8wTajdWBazg1K37JIS3FUco3tcOs+eWHQg0ekVjpWoA==}
    cpu: [arm64]
    os: [linux]

  lefthook-linux-x64@2.0.11:
    resolution: {integrity: sha512-OKOcfEvozXhO7+y2xgUzvc2kkqfhluql/sjQSzd8Ka+iK3hM4KCfbfgYx9q61Pjr34a0+i03cuH5DF2dlq/rrg==}
    cpu: [x64]
    os: [linux]

  lefthook-openbsd-arm64@2.0.11:
    resolution: {integrity: sha512-n1KEx196M3SKaWVNTQXGgxzBsiYAsdAy6Of6I6TAZwPhG7yoRrKGkQrhOlPgMzYl36udG1Lk4D+mfY9T0oOUYQ==}
    cpu: [arm64]
    os: [openbsd]

  lefthook-openbsd-x64@2.0.11:
    resolution: {integrity: sha512-WAEtKpYUVvuJMVLA38IBoaPnTNSiaEzvUYxjTBlYTLHJwn7HC2GG6P1cnvoua8rfxb9/Bfi7C3D3IPa9VmB33Q==}
    cpu: [x64]
    os: [openbsd]

  lefthook-windows-arm64@2.0.11:
    resolution: {integrity: sha512-HBqW1qfAnmmbpet7gSWatB6H5YIFdGxCqzolMCLwY/0o8oPFiMwdNE5RGp5JMmhZdz/h3XlbaUlIhnxoW8dk5g==}
    cpu: [arm64]
    os: [win32]

  lefthook-windows-x64@2.0.11:
    resolution: {integrity: sha512-e5TYmV5cBZfRrhPVFCqjauegLI5CjdAd8exyAbMzGHkiwp3ZK145Su/pntgEP3d+ayS9mpgYPJmXYOSL7WHlyg==}
    cpu: [x64]
    os: [win32]

  lefthook@2.0.11:
    resolution: {integrity: sha512-/91k4dt9MRNkzeSr1iMjNi/z8dNuh+XvNfXrWA6PV+M1ZxiNY6uN6bGnr13n+j7N89f4h7YWBhCqhzhK33M5cA==}
    hasBin: true

  oxlint-tsgolint@0.9.0:
    resolution: {integrity: sha512-JzZ3w7DAgf3RE3O7a4uNLtLUy8Q46r4SN4NOsfRv7lwuhLNhaXoVwOpwdPvAdfQeIJ+HSMgNkjP44vdSdC7O9A==}
    hasBin: true

  oxlint@1.32.0:
    resolution: {integrity: sha512-HYDQCga7flsdyLMUIxTgSnEx5KBxpP9VINB8NgO+UjV80xBiTQXyVsvjtneMT3ZBLMbL0SlG/Dm03XQAsEshMA==}
    engines: {node: ^20.19.0 || >=22.12.0}
    hasBin: true
    peerDependencies:
      oxlint-tsgolint: '>=0.8.1'
    peerDependenciesMeta:
      oxlint-tsgolint:
        optional: true

  prettier@3.7.4:
    resolution: {integrity: sha512-v6UNi1+3hSlVvv8fSaoUbggEM5VErKmmpGA7Pl3HF8V6uKY7rvClBOJlH6yNwQtfTueNkGVpOv/mtWL9L4bgRA==}
    engines: {node: '>=14'}
    hasBin: true

  typescript@5.9.3:
    resolution: {integrity: sha512-jl1vZzPDinLr9eUt3J/t7V6FgNEw9QjvBPdysz9KfQDD41fQrC2Y4vKQdiaUpFT4bXlb1RHhLpp8wtm6M5TgSw==}
    engines: {node: '>=14.17'}
    hasBin: true

  undici-types@7.16.0:
    resolution: {integrity: sha512-Zz+aZWSj8LE6zoxD+xrjh4VfkIG8Ya6LvYkZqtUQGJPZjYl53ypCaUwWqo7eI0x66KBGeRo+mlBEkMSeSZ38Nw==}

  zod@4.1.13:
    resolution: {integrity: sha512-AvvthqfqrAhNH9dnfmrfKzX5upOdjUVJYFqNSlkmGf64gRaTzlPwz99IHYnVs28qYAybvAlBV+H7pn0saFY4Ig==}

snapshots:

  '@oxlint-tsgolint/darwin-arm64@0.9.0':
    optional: true

  '@oxlint-tsgolint/darwin-x64@0.9.0':
    optional: true

  '@oxlint-tsgolint/linux-arm64@0.9.0':
    optional: true

  '@oxlint-tsgolint/linux-x64@0.9.0':
    optional: true

  '@oxlint-tsgolint/win32-arm64@0.9.0':
    optional: true

  '@oxlint-tsgolint/win32-x64@0.9.0':
    optional: true

  '@oxlint/darwin-arm64@1.32.0':
    optional: true

  '@oxlint/darwin-x64@1.32.0':
    optional: true

  '@oxlint/linux-arm64-gnu@1.32.0':
    optional: true

  '@oxlint/linux-arm64-musl@1.32.0':
    optional: true

  '@oxlint/linux-x64-gnu@1.32.0':
    optional: true

  '@oxlint/linux-x64-musl@1.32.0':
    optional: true

  '@oxlint/win32-arm64@1.32.0':
    optional: true

  '@oxlint/win32-x64@1.32.0':
    optional: true

  '@phc/format@1.0.0': {}

  '@types/node@24.9.2':
    dependencies:
      undici-types: 7.16.0

  '@types/phc__format@1.0.1':
    dependencies:
      '@types/node': 24.9.2

  lefthook-darwin-arm64@2.0.11:
    optional: true

  lefthook-darwin-x64@2.0.11:
    optional: true

  lefthook-freebsd-arm64@2.0.11:
    optional: true

  lefthook-freebsd-x64@2.0.11:
    optional: true

  lefthook-linux-arm64@2.0.11:
    optional: true

  lefthook-linux-x64@2.0.11:
    optional: true

  lefthook-openbsd-arm64@2.0.11:
    optional: true

  lefthook-openbsd-x64@2.0.11:
    optional: true

  lefthook-windows-arm64@2.0.11:
    optional: true

  lefthook-windows-x64@2.0.11:
    optional: true

  lefthook@2.0.11:
    optionalDependencies:
      lefthook-darwin-arm64: 2.0.11
      lefthook-darwin-x64: 2.0.11
      lefthook-freebsd-arm64: 2.0.11
      lefthook-freebsd-x64: 2.0.11
      lefthook-linux-arm64: 2.0.11
      lefthook-linux-x64: 2.0.11
      lefthook-openbsd-arm64: 2.0.11
      lefthook-openbsd-x64: 2.0.11
      lefthook-windows-arm64: 2.0.11
      lefthook-windows-x64: 2.0.11

  oxlint-tsgolint@0.9.0:
    optionalDependencies:
      '@oxlint-tsgolint/darwin-arm64': 0.9.0
      '@oxlint-tsgolint/darwin-x64': 0.9.0
      '@oxlint-tsgolint/linux-arm64': 0.9.0
      '@oxlint-tsgolint/linux-x64': 0.9.0
      '@oxlint-tsgolint/win32-arm64': 0.9.0
      '@oxlint-tsgolint/win32-x64': 0.9.0

  oxlint@1.32.0(oxlint-tsgolint@0.9.0):
    optionalDependencies:
      '@oxlint/darwin-arm64': 1.32.0
      '@oxlint/darwin-x64': 1.32.0
      '@oxlint/linux-arm64-gnu': 1.32.0
      '@oxlint/linux-arm64-musl': 1.32.0
      '@oxlint/linux-x64-gnu': 1.32.0
      '@oxlint/linux-x64-musl': 1.32.0
      '@oxlint/win32-arm64': 1.32.0
      '@oxlint/win32-x64': 1.32.0
      oxlint-tsgolint: 0.9.0

  prettier@3.7.4: {}

  typescript@5.9.3: {}

  undici-types@7.16.0: {}

  zod@4.1.13: {}
