lockfileVersion: '9.0'

settings:
  autoInstallPeers: true
  excludeLinksFromLockfile: false

importers:

  .:
    dependencies:
      '@phc/format':
        specifier: ^1.0.0
        version: 1.0.0
      zod:
        specifier: ^4.2.1
        version: 4.2.1
    devDependencies:
      '@types/node':
        specifier: ^24.9.2
        version: 24.9.2
      '@types/phc__format':
        specifier: ^1.0.1
        version: 1.0.1
      lefthook:
        specifier: ^2.0.13
        version: 2.0.13
      oxlint:
        specifier: ^1.35.0
        version: 1.35.0(oxlint-tsgolint@0.10.0)
      oxlint-tsgolint:
        specifier: 0.10.0
        version: 0.10.0
      prettier:
        specifier: 3.7.4
        version: 3.7.4
      typescript:
        specifier: ^5.9.3
        version: 5.9.3

packages:

  '@oxlint-tsgolint/darwin-arm64@0.10.0':
    resolution: {integrity: sha512-mhBF/pjey0UdLL1ocU46Fqta+uJuRfqrLfDpcViRg17BtDiUNd8JY9iN2FOoS2HGSCAgCUjZ0AZkwkHwFs/VTw==}
    cpu: [arm64]
    os: [darwin]

  '@oxlint-tsgolint/darwin-x64@0.10.0':
    resolution: {integrity: sha512-roLi34mw/i1z+NS7luboix55SXyhVv38dNUTcRDkk+0lNPzI9ngrM+1y1N2oBSUmz5o9OZGnfJJ7BSGCw/fFEQ==}
    cpu: [x64]
    os: [darwin]

  '@oxlint-tsgolint/linux-arm64@0.10.0':
    resolution: {integrity: sha512-HL9NThPH1V2F6l9XhwNmhQZUknN4m4yQYEvQFFGfZTYN6cvEEBIiqfF4KvBUg8c0xadMbQlW+Ug7/ybA9Nn+CA==}
    cpu: [arm64]
    os: [linux]

  '@oxlint-tsgolint/linux-x64@0.10.0':
    resolution: {integrity: sha512-Tw8QNq8ab+4+qE5krvJyMA66v6XE3GoiISRD5WmJ7YOxUnu//jSw/bBm7OYf/TNEZyeV0BTR7zXzhT5R+VFWlQ==}
    cpu: [x64]
    os: [linux]

  '@oxlint-tsgolint/win32-arm64@0.10.0':
    resolution: {integrity: sha512-LTogmTRwpwQqVaH1Ama8Wd5/VVZWBSF8v5qTbeT628+1F5Kt1V5eHBvyFh4oN18UCZlgqrh7DqkDhsieXUaC8Q==}
    cpu: [arm64]
    os: [win32]

  '@oxlint-tsgolint/win32-x64@0.10.0':
    resolution: {integrity: sha512-ygqxx8EmNWy9/wCQS5uXq9k/o2EyYNwNxY1ZHNzlmZC/kV06Aemx5OBDafefawBNqH7xTZPfccUrjdiy+QlTrw==}
    cpu: [x64]
    os: [win32]

  '@oxlint/darwin-arm64@1.35.0':
    resolution: {integrity: sha512-ieiYVHkNZPo77Hgrxav595wGS4rRNKuDNrljf+4xhwpJsddrxMpM64IQUf2IvR3MhK4FxdGzhhB6OVmGVHY5/w==}
    cpu: [arm64]
    os: [darwin]

  '@oxlint/darwin-x64@1.35.0':
    resolution: {integrity: sha512-1jNHu3j66X5jKySvgtE+jGtjx4ye+xioAucVTi2IuROZO6keK2YG74pnD+9FT+DpWZAtWRZGoW0r0x6aN9sEEg==}
    cpu: [x64]
    os: [darwin]

  '@oxlint/linux-arm64-gnu@1.35.0':
    resolution: {integrity: sha512-T1lc0UaYbTxZyqVpLfC7eipbauNG8pBpkaZEW4JGz8Y68rxTH7d9s+CF0zxUxNr5RCtcmT669RLVjQT7VrKVLg==}
    cpu: [arm64]
    os: [linux]

  '@oxlint/linux-arm64-musl@1.35.0':
    resolution: {integrity: sha512-7Wv5Pke9kwWKFycUziSHsmi3EM0389TLzraB0KE/MArrKxx30ycwfJ5PYoMj9ERoW+Ybs0txdaOF/xJy/XyYkg==}
    cpu: [arm64]
    os: [linux]

  '@oxlint/linux-x64-gnu@1.35.0':
    resolution: {integrity: sha512-HDMPOzyVVy+rQl3H7UOq8oGHt7m1yaiWCanlhAu4jciK8dvXeO9OG/OQd74lD/h05IcJh93pCLEJ3wWOG8hTiQ==}
    cpu: [x64]
    os: [linux]

  '@oxlint/linux-x64-musl@1.35.0':
    resolution: {integrity: sha512-kAPBBsUOM3HQQ6n3nnZauvFR9EoXqCSoj4O3OSXXarzsRTiItNrHabVUwxeswZEc+xMzQNR0FHEWg/d4QAAWLw==}
    cpu: [x64]
    os: [linux]

  '@oxlint/win32-arm64@1.35.0':
    resolution: {integrity: sha512-qrpBkkOASS0WT8ra9xmBRXOEliN6D/MV9JhI/68lFHrtLhfFuRwg4AjzjxrCWrQCnQ0WkvAVpJzu73F4ICLYZw==}
    cpu: [arm64]
    os: [win32]

  '@oxlint/win32-x64@1.35.0':
    resolution: {integrity: sha512-yPFcj6umrhusnG/kMS5wh96vblsqZ0kArQJS+7kEOSJDrH+DsFWaDCsSRF8U6gmSmZJ26KVMU3C3TMpqDN4M1g==}
    cpu: [x64]
    os: [win32]

  '@phc/format@1.0.0':
    resolution: {integrity: sha512-m7X9U6BG2+J+R1lSOdCiITLLrxm+cWlNI3HUFA92oLO77ObGNzaKdh8pMLqdZcshtkKuV84olNNXDfMc4FezBQ==}
    engines: {node: '>=10'}

  '@types/node@24.9.2':
    resolution: {integrity: sha512-uWN8YqxXxqFMX2RqGOrumsKeti4LlmIMIyV0lgut4jx7KQBcBiW6vkDtIBvHnHIquwNfJhk8v2OtmO8zXWHfPA==}

  '@types/phc__format@1.0.1':
    resolution: {integrity: sha512-hoAQFKcP3voXk/ZEl3jrvS63o/HYLszq4nA2mqjytaSEHEy3j3t0gSFtPLnfKtX34k/xfath7etOoGw5ukoqXQ==}

  lefthook-darwin-arm64@2.0.13:
    resolution: {integrity: sha512-KbQqpNSNTugjtPzt97CNcy/XZy5asJ0+uSLoHc4ML8UCJdsXKYJGozJHNwAd0Xfci/rQlj82A7rPOuTdh0jY0Q==}
    cpu: [arm64]
    os: [darwin]

  lefthook-darwin-x64@2.0.13:
    resolution: {integrity: sha512-s/vI6sEE8/+rE6CONZzs59LxyuSc/KdU+/3adkNx+Q13R1+p/AvQNeszg3LAHzXmF3NqlxYf8jbj/z5vBzEpRw==}
    cpu: [x64]
    os: [darwin]

  lefthook-freebsd-arm64@2.0.13:
    resolution: {integrity: sha512-iQeJTU7Zl8EJlCMQxNZQpJFAQ9xl40pydUIv5SYnbJ4nqIr9ONuvrioNv6N2LtKP5aBl1nIWQQ9vMjgVyb3k+A==}
    cpu: [arm64]
    os: [freebsd]

  lefthook-freebsd-x64@2.0.13:
    resolution: {integrity: sha512-99cAXKRIzpq/u3obUXbOQJCHP+0ZkJbN3TF+1ZQZlRo3Y6+mPSCg9fh/oi6dgbtu4gTI5Ifz3o5p2KZzAIF9ZQ==}
    cpu: [x64]
    os: [freebsd]

  lefthook-linux-arm64@2.0.13:
    resolution: {integrity: sha512-RWarenY3kLy/DT4/8dY2bwDlYwlELRq9MIFq+FiMYmoBHES3ckWcLX2JMMlM49Y672paQc7MbneSrNUn/FQWhg==}
    cpu: [arm64]
    os: [linux]

  lefthook-linux-x64@2.0.13:
    resolution: {integrity: sha512-QZRcxXGf8Uj/75ITBqoBh0zWhJE7+uFoRxEHwBq0Qjv55Q4KcFm7FBN/IFQCSd14reY5pmY3kDaWVVy60cAGJA==}
    cpu: [x64]
    os: [linux]

  lefthook-openbsd-arm64@2.0.13:
    resolution: {integrity: sha512-LAuOWwnNmOlRE0RxKMOhIz5Kr9tXi0rCjzXtDARW9lvfAV6Br2wP+47q0rqQ8m/nVwBYoxfJ/RDunLbb86O1nA==}
    cpu: [arm64]
    os: [openbsd]

  lefthook-openbsd-x64@2.0.13:
    resolution: {integrity: sha512-n9TIN3QLncyxOHomiKKwzDFHKOCm5H28CVNAZFouKqDwEaUGCs5TJI88V85j4/CgmLVUU8uUn4ClVCxIWYG59w==}
    cpu: [x64]
    os: [openbsd]

  lefthook-windows-arm64@2.0.13:
    resolution: {integrity: sha512-sdSC4F9Di7y0t43Of9MOA5g/0CmvkM4juQ3sKfUhRcoygetLJn4PR2/pvuDOIaGf4mNMXBP5IrcKaeDON9HrcA==}
    cpu: [arm64]
    os: [win32]

  lefthook-windows-x64@2.0.13:
    resolution: {integrity: sha512-ccl1v7Fl10qYoghEtjXN+JC1x/y/zLM/NSHf3NFGeKEGBNd1P5d/j6w8zVmhfzi+ekS8whXrcNbRAkLdAqUrSw==}
    cpu: [x64]
    os: [win32]

  lefthook@2.0.13:
    resolution: {integrity: sha512-D39rCVl7/GpqakvhQvqz07SBpzUWTvWjXKnBZyIy8O6D+Lf9xD6tnbHtG5nWXd9iPvv1AKGQwL9R/e5rNtV6SQ==}
    hasBin: true

  oxlint-tsgolint@0.10.0:
    resolution: {integrity: sha512-LDDSIu5J/4D4gFUuQQIEQpAC6maNEbMg4nC8JL/+Pe0cUDR86dtVZ09E2x5MwCh8f9yfktoaxt5x6UIVyzrajg==}
    hasBin: true

  oxlint@1.35.0:
    resolution: {integrity: sha512-QDX1aUgaiqznkGfTM2qHwva2wtKqhVoqPSVXrnPz+yLUhlNadikD3QRuRtppHl7WGuy3wG6nKAuR8lash3aWSg==}
    engines: {node: ^20.19.0 || >=22.12.0}
    hasBin: true
    peerDependencies:
      oxlint-tsgolint: '>=0.10.0'
    peerDependenciesMeta:
      oxlint-tsgolint:
        optional: true

  prettier@3.7.4:
    resolution: {integrity: sha512-v6UNi1+3hSlVvv8fSaoUbggEM5VErKmmpGA7Pl3HF8V6uKY7rvClBOJlH6yNwQtfTueNkGVpOv/mtWL9L4bgRA==}
    engines: {node: '>=14'}
    hasBin: true

  typescript@5.9.3:
    resolution: {integrity: sha512-jl1vZzPDinLr9eUt3J/t7V6FgNEw9QjvBPdysz9KfQDD41fQrC2Y4vKQdiaUpFT4bXlb1RHhLpp8wtm6M5TgSw==}
    engines: {node: '>=14.17'}
    hasBin: true

  undici-types@7.16.0:
    resolution: {integrity: sha512-Zz+aZWSj8LE6zoxD+xrjh4VfkIG8Ya6LvYkZqtUQGJPZjYl53ypCaUwWqo7eI0x66KBGeRo+mlBEkMSeSZ38Nw==}

  zod@4.2.1:
    resolution: {integrity: sha512-0wZ1IRqGGhMP76gLqz8EyfBXKk0J2qo2+H3fi4mcUP/KtTocoX08nmIAHl1Z2kJIZbZee8KOpBCSNPRgauucjw==}

snapshots:

  '@oxlint-tsgolint/darwin-arm64@0.10.0':
    optional: true

  '@oxlint-tsgolint/darwin-x64@0.10.0':
    optional: true

  '@oxlint-tsgolint/linux-arm64@0.10.0':
    optional: true

  '@oxlint-tsgolint/linux-x64@0.10.0':
    optional: true

  '@oxlint-tsgolint/win32-arm64@0.10.0':
    optional: true

  '@oxlint-tsgolint/win32-x64@0.10.0':
    optional: true

  '@oxlint/darwin-arm64@1.35.0':
    optional: true

  '@oxlint/darwin-x64@1.35.0':
    optional: true

  '@oxlint/linux-arm64-gnu@1.35.0':
    optional: true

  '@oxlint/linux-arm64-musl@1.35.0':
    optional: true

  '@oxlint/linux-x64-gnu@1.35.0':
    optional: true

  '@oxlint/linux-x64-musl@1.35.0':
    optional: true

  '@oxlint/win32-arm64@1.35.0':
    optional: true

  '@oxlint/win32-x64@1.35.0':
    optional: true

  '@phc/format@1.0.0': {}

  '@types/node@24.9.2':
    dependencies:
      undici-types: 7.16.0

  '@types/phc__format@1.0.1':
    dependencies:
      '@types/node': 24.9.2

  lefthook-darwin-arm64@2.0.13:
    optional: true

  lefthook-darwin-x64@2.0.13:
    optional: true

  lefthook-freebsd-arm64@2.0.13:
    optional: true

  lefthook-freebsd-x64@2.0.13:
    optional: true

  lefthook-linux-arm64@2.0.13:
    optional: true

  lefthook-linux-x64@2.0.13:
    optional: true

  lefthook-openbsd-arm64@2.0.13:
    optional: true

  lefthook-openbsd-x64@2.0.13:
    optional: true

  lefthook-windows-arm64@2.0.13:
    optional: true

  lefthook-windows-x64@2.0.13:
    optional: true

  lefthook@2.0.13:
    optionalDependencies:
      lefthook-darwin-arm64: 2.0.13
      lefthook-darwin-x64: 2.0.13
      lefthook-freebsd-arm64: 2.0.13
      lefthook-freebsd-x64: 2.0.13
      lefthook-linux-arm64: 2.0.13
      lefthook-linux-x64: 2.0.13
      lefthook-openbsd-arm64: 2.0.13
      lefthook-openbsd-x64: 2.0.13
      lefthook-windows-arm64: 2.0.13
      lefthook-windows-x64: 2.0.13

  oxlint-tsgolint@0.10.0:
    optionalDependencies:
      '@oxlint-tsgolint/darwin-arm64': 0.10.0
      '@oxlint-tsgolint/darwin-x64': 0.10.0
      '@oxlint-tsgolint/linux-arm64': 0.10.0
      '@oxlint-tsgolint/linux-x64': 0.10.0
      '@oxlint-tsgolint/win32-arm64': 0.10.0
      '@oxlint-tsgolint/win32-x64': 0.10.0

  oxlint@1.35.0(oxlint-tsgolint@0.10.0):
    optionalDependencies:
      '@oxlint/darwin-arm64': 1.35.0
      '@oxlint/darwin-x64': 1.35.0
      '@oxlint/linux-arm64-gnu': 1.35.0
      '@oxlint/linux-arm64-musl': 1.35.0
      '@oxlint/linux-x64-gnu': 1.35.0
      '@oxlint/linux-x64-musl': 1.35.0
      '@oxlint/win32-arm64': 1.35.0
      '@oxlint/win32-x64': 1.35.0
      oxlint-tsgolint: 0.10.0

  prettier@3.7.4: {}

  typescript@5.9.3: {}

  undici-types@7.16.0: {}

  zod@4.2.1: {}
